
Microsoft Visual Studio Solution File, Format Version 12.00
# Visual Studio Version 16
VisualStudioVersion = 16.0.28407.52
MinimumVisualStudioVersion = 15.0.26124.0
Project("{2150E333-8FDC-42A3-9474-1A3956D46DE8}") = "Server", "Server", "{772DB981-5CC8-4F6A-A6F0-0FF18DB4342B}"
EndProject
Project("{2150E333-8FDC-42A3-9474-1A3956D46DE8}") = "Client", "Client", "{638ADA3F-E292-44EB-A399-6803AC823E47}"
EndProject
Project("{2150E333-8FDC-42A3-9474-1A3956D46DE8}") = "@submodules", "@submodules", "{CA63CCF4-FD3A-408E-AD6C-EC9FBF0EEAB3}"
EndProject
Project("{9A19103F-16F7-4668-BE54-9A1E7A4F7556}") = "GTAN.Extensions", "..\modules\GTAN.Extensions\src\GTAN.Extensions\GTAN.Extensions.csproj", "{2D0B94BF-2B72-43BB-9415-C327139654E0}"
EndProject
Project("{9A19103F-16F7-4668-BE54-9A1E7A4F7556}") = "GTAN.Data", "..\modules\GTAN.Extensions\src\GTAN.Data\GTAN.Data.csproj", "{5730E9F1-B11B-4ECE-B612-446E9F46E382}"
EndProject
Project("{9A19103F-16F7-4668-BE54-9A1E7A4F7556}") = "RageMpBase", "..\modules\RageMpBase\RageMpBase.csproj", "{7265648B-1962-4DF2-B649-019007CE58AB}"
EndProject
Project("{2150E333-8FDC-42A3-9474-1A3956D46DE8}") = "SkinSelector", "SkinSelector", "{4A5C4BFB-956D-42F7-9928-9905A7CC1DF1}"
	ProjectSection(SolutionItems) = preProject
		SkinSelector\ReadMe.md = SkinSelector\ReadMe.md
	EndProjectSection
EndProject
Project("{2150E333-8FDC-42A3-9474-1A3956D46DE8}") = "Admin", "Admin", "{4F41A298-2EE4-4197-918E-2F52EE1F28CF}"
	ProjectSection(SolutionItems) = preProject
		Admin\Readme.md = Admin\Readme.md
	EndProjectSection
EndProject
Project("{2150E333-8FDC-42A3-9474-1A3956D46DE8}") = "Server", "Server", "{C7A4A790-1BB3-4D8D-8158-FB1CC5E9E679}"
EndProject
Project("{2150E333-8FDC-42A3-9474-1A3956D46DE8}") = "Teleport", "Teleport", "{27272495-5D56-4A67-BEF7-F9031479A280}"
	ProjectSection(SolutionItems) = preProject
		Teleport\ReadMe.md = Teleport\ReadMe.md
	EndProjectSection
EndProject
Project("{2150E333-8FDC-42A3-9474-1A3956D46DE8}") = "Client", "Client", "{CFEF6261-A7F9-4287-89DA-25CE0B8EA745}"
EndProject
Project("{9A19103F-16F7-4668-BE54-9A1E7A4F7556}") = "Admin", "Admin\Server\Admin.csproj", "{573A6D90-743B-494E-A20F-044D9C65FA07}"
EndProject
Project("{9A19103F-16F7-4668-BE54-9A1E7A4F7556}") = "SkinSelectorClient", "SkinSelector\Client\SkinSelectorClient.csproj", "{1E51CA72-B9FF-4A41-A0C4-B53B59B26E2A}"
EndProject
Project("{9A19103F-16F7-4668-BE54-9A1E7A4F7556}") = "SkinSelector", "SkinSelector\Server\SkinSelector.csproj", "{BCA07563-2CFF-48AD-A475-4AA48F38E27A}"
EndProject
Project("{9A19103F-16F7-4668-BE54-9A1E7A4F7556}") = "Teleporter", "Teleport\Client\Teleporter.csproj", "{D75AF2E0-3AFA-419D-9529-DA45407C4DF9}"
EndProject
Project("{2150E333-8FDC-42A3-9474-1A3956D46DE8}") = "Server", "Server", "{5CB34AC9-019D-496C-9F15-0F87EC0558ED}"
EndProject
Project("{9A19103F-16F7-4668-BE54-9A1E7A4F7556}") = "Teleport", "Teleport\Server\Teleport.csproj", "{C2F2CA59-8DF2-4ECF-8122-7B3B271B4CB3}"
EndProject
Project("{2150E333-8FDC-42A3-9474-1A3956D46DE8}") = "WorldDateTime", "WorldDateTime", "{DB2C43B8-1582-4D91-A84E-66F88E22DB85}"
	ProjectSection(SolutionItems) = preProject
		WorldDateTime\ReadMe.md = WorldDateTime\ReadMe.md
	EndProjectSection
EndProject
Project("{9A19103F-16F7-4668-BE54-9A1E7A4F7556}") = "WorldDateTime", "WorldDateTime\Server\WorldDateTime.csproj", "{31AF3633-934A-4BDE-A135-0E1A39BCB3AB}"
EndProject
Project("{2150E333-8FDC-42A3-9474-1A3956D46DE8}") = "VehicleManager", "VehicleManager", "{D6DC5680-46F9-42E8-899F-E25FBABC5635}"
	ProjectSection(SolutionItems) = preProject
		VehicleManager\Readme.md = VehicleManager\Readme.md
	EndProjectSection
EndProject
Project("{2150E333-8FDC-42A3-9474-1A3956D46DE8}") = "Server", "Server", "{824482D3-A80C-472A-B7F1-3D0C485A00A9}"
EndProject
Project("{9A19103F-16F7-4668-BE54-9A1E7A4F7556}") = "VehicleManager", "VehicleManager\Server\VehicleManager.csproj", "{8B85CF89-712C-47A0-9171-39EE4C09A132}"
EndProject
Project("{2150E333-8FDC-42A3-9474-1A3956D46DE8}") = "Server", "Server", "{77078836-4A90-46CA-B4D2-7B5431331F13}"
EndProject
Project("{9A19103F-16F7-4668-BE54-9A1E7A4F7556}") = "RageMpClientHelpers", "..\modules\RageMpClientBase\src\RageMpClientHelpers\RageMpClientHelpers.csproj", "{EB5B2BB2-7743-43E9-BD6B-90984C71A9AF}"
EndProject
Project("{9A19103F-16F7-4668-BE54-9A1E7A4F7556}") = "RageMpClientBase", "..\modules\RageMpClientBase\src\RageMpClientBase\RageMpClientBase.csproj", "{AA6DA27B-8FE6-4509-BBF4-F1B4ABFD807D}"
EndProject
Project("{2150E333-8FDC-42A3-9474-1A3956D46DE8}") = "Client", "Client", "{BA98C56B-5515-4DF6-8EF2-40F499438554}"
EndProject
Project("{2150E333-8FDC-42A3-9474-1A3956D46DE8}") = "Server", "Server", "{0B78A366-4BB7-43C7-B533-42733A7D7C8A}"
EndProject
Global
	GlobalSection(SolutionConfigurationPlatforms) = preSolution
		Debug|Any CPU = Debug|Any CPU
		Debug|x64 = Debug|x64
		Debug|x86 = Debug|x86
		Release|Any CPU = Release|Any CPU
		Release|x64 = Release|x64
		Release|x86 = Release|x86
	EndGlobalSection
	GlobalSection(ProjectConfigurationPlatforms) = postSolution
		{2D0B94BF-2B72-43BB-9415-C327139654E0}.Debug|Any CPU.ActiveCfg = Debug|Any CPU
		{2D0B94BF-2B72-43BB-9415-C327139654E0}.Debug|Any CPU.Build.0 = Debug|Any CPU
		{2D0B94BF-2B72-43BB-9415-C327139654E0}.Debug|x64.ActiveCfg = Debug|Any CPU
		{2D0B94BF-2B72-43BB-9415-C327139654E0}.Debug|x64.Build.0 = Debug|Any CPU
		{2D0B94BF-2B72-43BB-9415-C327139654E0}.Debug|x86.ActiveCfg = Debug|Any CPU
		{2D0B94BF-2B72-43BB-9415-C327139654E0}.Debug|x86.Build.0 = Debug|Any CPU
		{2D0B94BF-2B72-43BB-9415-C327139654E0}.Release|Any CPU.ActiveCfg = Release|Any CPU
		{2D0B94BF-2B72-43BB-9415-C327139654E0}.Release|Any CPU.Build.0 = Release|Any CPU
		{2D0B94BF-2B72-43BB-9415-C327139654E0}.Release|x64.ActiveCfg = Release|Any CPU
		{2D0B94BF-2B72-43BB-9415-C327139654E0}.Release|x64.Build.0 = Release|Any CPU
		{2D0B94BF-2B72-43BB-9415-C327139654E0}.Release|x86.ActiveCfg = Release|Any CPU
		{2D0B94BF-2B72-43BB-9415-C327139654E0}.Release|x86.Build.0 = Release|Any CPU
		{5730E9F1-B11B-4ECE-B612-446E9F46E382}.Debug|Any CPU.ActiveCfg = Debug|Any CPU
		{5730E9F1-B11B-4ECE-B612-446E9F46E382}.Debug|Any CPU.Build.0 = Debug|Any CPU
		{5730E9F1-B11B-4ECE-B612-446E9F46E382}.Debug|x64.ActiveCfg = Debug|Any CPU
		{5730E9F1-B11B-4ECE-B612-446E9F46E382}.Debug|x64.Build.0 = Debug|Any CPU
		{5730E9F1-B11B-4ECE-B612-446E9F46E382}.Debug|x86.ActiveCfg = Debug|Any CPU
		{5730E9F1-B11B-4ECE-B612-446E9F46E382}.Debug|x86.Build.0 = Debug|Any CPU
		{5730E9F1-B11B-4ECE-B612-446E9F46E382}.Release|Any CPU.ActiveCfg = Release|Any CPU
		{5730E9F1-B11B-4ECE-B612-446E9F46E382}.Release|Any CPU.Build.0 = Release|Any CPU
		{5730E9F1-B11B-4ECE-B612-446E9F46E382}.Release|x64.ActiveCfg = Release|Any CPU
		{5730E9F1-B11B-4ECE-B612-446E9F46E382}.Release|x64.Build.0 = Release|Any CPU
		{5730E9F1-B11B-4ECE-B612-446E9F46E382}.Release|x86.ActiveCfg = Release|Any CPU
		{5730E9F1-B11B-4ECE-B612-446E9F46E382}.Release|x86.Build.0 = Release|Any CPU
		{7265648B-1962-4DF2-B649-019007CE58AB}.Debug|Any CPU.ActiveCfg = Debug|Any CPU
		{7265648B-1962-4DF2-B649-019007CE58AB}.Debug|Any CPU.Build.0 = Debug|Any CPU
		{7265648B-1962-4DF2-B649-019007CE58AB}.Debug|x64.ActiveCfg = Debug|Any CPU
		{7265648B-1962-4DF2-B649-019007CE58AB}.Debug|x64.Build.0 = Debug|Any CPU
		{7265648B-1962-4DF2-B649-019007CE58AB}.Debug|x86.ActiveCfg = Debug|Any CPU
		{7265648B-1962-4DF2-B649-019007CE58AB}.Debug|x86.Build.0 = Debug|Any CPU
		{7265648B-1962-4DF2-B649-019007CE58AB}.Release|Any CPU.ActiveCfg = Release|Any CPU
		{7265648B-1962-4DF2-B649-019007CE58AB}.Release|Any CPU.Build.0 = Release|Any CPU
		{7265648B-1962-4DF2-B649-019007CE58AB}.Release|x64.ActiveCfg = Release|Any CPU
		{7265648B-1962-4DF2-B649-019007CE58AB}.Release|x64.Build.0 = Release|Any CPU
		{7265648B-1962-4DF2-B649-019007CE58AB}.Release|x86.ActiveCfg = Release|Any CPU
		{7265648B-1962-4DF2-B649-019007CE58AB}.Release|x86.Build.0 = Release|Any CPU
		{573A6D90-743B-494E-A20F-044D9C65FA07}.Debug|Any CPU.ActiveCfg = Debug|Any CPU
		{573A6D90-743B-494E-A20F-044D9C65FA07}.Debug|Any CPU.Build.0 = Debug|Any CPU
		{573A6D90-743B-494E-A20F-044D9C65FA07}.Debug|x64.ActiveCfg = Debug|x64
		{573A6D90-743B-494E-A20F-044D9C65FA07}.Debug|x64.Build.0 = Debug|x64
		{573A6D90-743B-494E-A20F-044D9C65FA07}.Debug|x86.ActiveCfg = Debug|Any CPU
		{573A6D90-743B-494E-A20F-044D9C65FA07}.Debug|x86.Build.0 = Debug|Any CPU
		{573A6D90-743B-494E-A20F-044D9C65FA07}.Release|Any CPU.ActiveCfg = Release|Any CPU
		{573A6D90-743B-494E-A20F-044D9C65FA07}.Release|Any CPU.Build.0 = Release|Any CPU
		{573A6D90-743B-494E-A20F-044D9C65FA07}.Release|x64.ActiveCfg = Release|x64
		{573A6D90-743B-494E-A20F-044D9C65FA07}.Release|x64.Build.0 = Release|x64
		{573A6D90-743B-494E-A20F-044D9C65FA07}.Release|x86.ActiveCfg = Release|Any CPU
		{573A6D90-743B-494E-A20F-044D9C65FA07}.Release|x86.Build.0 = Release|Any CPU
		{1E51CA72-B9FF-4A41-A0C4-B53B59B26E2A}.Debug|Any CPU.ActiveCfg = Debug|Any CPU
		{1E51CA72-B9FF-4A41-A0C4-B53B59B26E2A}.Debug|Any CPU.Build.0 = Debug|Any CPU
		{1E51CA72-B9FF-4A41-A0C4-B53B59B26E2A}.Debug|x64.ActiveCfg = Debug|Any CPU
		{1E51CA72-B9FF-4A41-A0C4-B53B59B26E2A}.Debug|x64.Build.0 = Debug|Any CPU
		{1E51CA72-B9FF-4A41-A0C4-B53B59B26E2A}.Debug|x86.ActiveCfg = Debug|Any CPU
		{1E51CA72-B9FF-4A41-A0C4-B53B59B26E2A}.Debug|x86.Build.0 = Debug|Any CPU
		{1E51CA72-B9FF-4A41-A0C4-B53B59B26E2A}.Release|Any CPU.ActiveCfg = Release|Any CPU
		{1E51CA72-B9FF-4A41-A0C4-B53B59B26E2A}.Release|Any CPU.Build.0 = Release|Any CPU
		{1E51CA72-B9FF-4A41-A0C4-B53B59B26E2A}.Release|x64.ActiveCfg = Release|Any CPU
		{1E51CA72-B9FF-4A41-A0C4-B53B59B26E2A}.Release|x64.Build.0 = Release|Any CPU
		{1E51CA72-B9FF-4A41-A0C4-B53B59B26E2A}.Release|x86.ActiveCfg = Release|Any CPU
		{1E51CA72-B9FF-4A41-A0C4-B53B59B26E2A}.Release|x86.Build.0 = Release|Any CPU
		{BCA07563-2CFF-48AD-A475-4AA48F38E27A}.Debug|Any CPU.ActiveCfg = Debug|Any CPU
		{BCA07563-2CFF-48AD-A475-4AA48F38E27A}.Debug|Any CPU.Build.0 = Debug|Any CPU
		{BCA07563-2CFF-48AD-A475-4AA48F38E27A}.Debug|x64.ActiveCfg = Debug|x64
		{BCA07563-2CFF-48AD-A475-4AA48F38E27A}.Debug|x64.Build.0 = Debug|x64
		{BCA07563-2CFF-48AD-A475-4AA48F38E27A}.Debug|x86.ActiveCfg = Debug|Any CPU
		{BCA07563-2CFF-48AD-A475-4AA48F38E27A}.Debug|x86.Build.0 = Debug|Any CPU
		{BCA07563-2CFF-48AD-A475-4AA48F38E27A}.Release|Any CPU.ActiveCfg = Release|Any CPU
		{BCA07563-2CFF-48AD-A475-4AA48F38E27A}.Release|Any CPU.Build.0 = Release|Any CPU
		{BCA07563-2CFF-48AD-A475-4AA48F38E27A}.Release|x64.ActiveCfg = Release|x64
		{BCA07563-2CFF-48AD-A475-4AA48F38E27A}.Release|x64.Build.0 = Release|x64
		{BCA07563-2CFF-48AD-A475-4AA48F38E27A}.Release|x86.ActiveCfg = Release|Any CPU
		{BCA07563-2CFF-48AD-A475-4AA48F38E27A}.Release|x86.Build.0 = Release|Any CPU
		{D75AF2E0-3AFA-419D-9529-DA45407C4DF9}.Debug|Any CPU.ActiveCfg = Debug|Any CPU
		{D75AF2E0-3AFA-419D-9529-DA45407C4DF9}.Debug|Any CPU.Build.0 = Debug|Any CPU
		{D75AF2E0-3AFA-419D-9529-DA45407C4DF9}.Debug|x64.ActiveCfg = Debug|Any CPU
		{D75AF2E0-3AFA-419D-9529-DA45407C4DF9}.Debug|x64.Build.0 = Debug|Any CPU
		{D75AF2E0-3AFA-419D-9529-DA45407C4DF9}.Debug|x86.ActiveCfg = Debug|Any CPU
		{D75AF2E0-3AFA-419D-9529-DA45407C4DF9}.Debug|x86.Build.0 = Debug|Any CPU
		{D75AF2E0-3AFA-419D-9529-DA45407C4DF9}.Release|Any CPU.ActiveCfg = Release|Any CPU
		{D75AF2E0-3AFA-419D-9529-DA45407C4DF9}.Release|Any CPU.Build.0 = Release|Any CPU
		{D75AF2E0-3AFA-419D-9529-DA45407C4DF9}.Release|x64.ActiveCfg = Release|Any CPU
		{D75AF2E0-3AFA-419D-9529-DA45407C4DF9}.Release|x64.Build.0 = Release|Any CPU
		{D75AF2E0-3AFA-419D-9529-DA45407C4DF9}.Release|x86.ActiveCfg = Release|Any CPU
		{D75AF2E0-3AFA-419D-9529-DA45407C4DF9}.Release|x86.Build.0 = Release|Any CPU
		{C2F2CA59-8DF2-4ECF-8122-7B3B271B4CB3}.Debug|Any CPU.ActiveCfg = Debug|Any CPU
		{C2F2CA59-8DF2-4ECF-8122-7B3B271B4CB3}.Debug|Any CPU.Build.0 = Debug|Any CPU
		{C2F2CA59-8DF2-4ECF-8122-7B3B271B4CB3}.Debug|x64.ActiveCfg = Debug|x64
		{C2F2CA59-8DF2-4ECF-8122-7B3B271B4CB3}.Debug|x64.Build.0 = Debug|x64
		{C2F2CA59-8DF2-4ECF-8122-7B3B271B4CB3}.Debug|x86.ActiveCfg = Debug|Any CPU
		{C2F2CA59-8DF2-4ECF-8122-7B3B271B4CB3}.Debug|x86.Build.0 = Debug|Any CPU
		{C2F2CA59-8DF2-4ECF-8122-7B3B271B4CB3}.Release|Any CPU.ActiveCfg = Release|Any CPU
		{C2F2CA59-8DF2-4ECF-8122-7B3B271B4CB3}.Release|Any CPU.Build.0 = Release|Any CPU
		{C2F2CA59-8DF2-4ECF-8122-7B3B271B4CB3}.Release|x64.ActiveCfg = Release|x64
		{C2F2CA59-8DF2-4ECF-8122-7B3B271B4CB3}.Release|x64.Build.0 = Release|x64
		{C2F2CA59-8DF2-4ECF-8122-7B3B271B4CB3}.Release|x86.ActiveCfg = Release|Any CPU
		{C2F2CA59-8DF2-4ECF-8122-7B3B271B4CB3}.Release|x86.Build.0 = Release|Any CPU
		{31AF3633-934A-4BDE-A135-0E1A39BCB3AB}.Debug|Any CPU.ActiveCfg = Debug|Any CPU
		{31AF3633-934A-4BDE-A135-0E1A39BCB3AB}.Debug|Any CPU.Build.0 = Debug|Any CPU
		{31AF3633-934A-4BDE-A135-0E1A39BCB3AB}.Debug|x64.ActiveCfg = Debug|x64
		{31AF3633-934A-4BDE-A135-0E1A39BCB3AB}.Debug|x64.Build.0 = Debug|x64
		{31AF3633-934A-4BDE-A135-0E1A39BCB3AB}.Debug|x86.ActiveCfg = Debug|Any CPU
		{31AF3633-934A-4BDE-A135-0E1A39BCB3AB}.Debug|x86.Build.0 = Debug|Any CPU
		{31AF3633-934A-4BDE-A135-0E1A39BCB3AB}.Release|Any CPU.ActiveCfg = Release|Any CPU
		{31AF3633-934A-4BDE-A135-0E1A39BCB3AB}.Release|Any CPU.Build.0 = Release|Any CPU
		{31AF3633-934A-4BDE-A135-0E1A39BCB3AB}.Release|x64.ActiveCfg = Release|x64
		{31AF3633-934A-4BDE-A135-0E1A39BCB3AB}.Release|x64.Build.0 = Release|x64
		{31AF3633-934A-4BDE-A135-0E1A39BCB3AB}.Release|x86.ActiveCfg = Release|Any CPU
		{31AF3633-934A-4BDE-A135-0E1A39BCB3AB}.Release|x86.Build.0 = Release|Any CPU
		{8B85CF89-712C-47A0-9171-39EE4C09A132}.Debug|Any CPU.ActiveCfg = Debug|Any CPU
		{8B85CF89-712C-47A0-9171-39EE4C09A132}.Debug|Any CPU.Build.0 = Debug|Any CPU
		{8B85CF89-712C-47A0-9171-39EE4C09A132}.Debug|x64.ActiveCfg = Debug|x64
		{8B85CF89-712C-47A0-9171-39EE4C09A132}.Debug|x64.Build.0 = Debug|x64
		{8B85CF89-712C-47A0-9171-39EE4C09A132}.Debug|x86.ActiveCfg = Debug|Any CPU
		{8B85CF89-712C-47A0-9171-39EE4C09A132}.Debug|x86.Build.0 = Debug|Any CPU
		{8B85CF89-712C-47A0-9171-39EE4C09A132}.Release|Any CPU.ActiveCfg = Release|Any CPU
		{8B85CF89-712C-47A0-9171-39EE4C09A132}.Release|Any CPU.Build.0 = Release|Any CPU
		{8B85CF89-712C-47A0-9171-39EE4C09A132}.Release|x64.ActiveCfg = Release|x64
		{8B85CF89-712C-47A0-9171-39EE4C09A132}.Release|x64.Build.0 = Release|x64
		{8B85CF89-712C-47A0-9171-39EE4C09A132}.Release|x86.ActiveCfg = Release|Any CPU
		{8B85CF89-712C-47A0-9171-39EE4C09A132}.Release|x86.Build.0 = Release|Any CPU
		{EB5B2BB2-7743-43E9-BD6B-90984C71A9AF}.Debug|Any CPU.ActiveCfg = Debug|Any CPU
		{EB5B2BB2-7743-43E9-BD6B-90984C71A9AF}.Debug|Any CPU.Build.0 = Debug|Any CPU
		{EB5B2BB2-7743-43E9-BD6B-90984C71A9AF}.Debug|x64.ActiveCfg = Debug|Any CPU
		{EB5B2BB2-7743-43E9-BD6B-90984C71A9AF}.Debug|x64.Build.0 = Debug|Any CPU
		{EB5B2BB2-7743-43E9-BD6B-90984C71A9AF}.Debug|x86.ActiveCfg = Debug|Any CPU
		{EB5B2BB2-7743-43E9-BD6B-90984C71A9AF}.Debug|x86.Build.0 = Debug|Any CPU
		{EB5B2BB2-7743-43E9-BD6B-90984C71A9AF}.Release|Any CPU.ActiveCfg = Release|Any CPU
		{EB5B2BB2-7743-43E9-BD6B-90984C71A9AF}.Release|Any CPU.Build.0 = Release|Any CPU
		{EB5B2BB2-7743-43E9-BD6B-90984C71A9AF}.Release|x64.ActiveCfg = Release|Any CPU
		{EB5B2BB2-7743-43E9-BD6B-90984C71A9AF}.Release|x64.Build.0 = Release|Any CPU
		{EB5B2BB2-7743-43E9-BD6B-90984C71A9AF}.Release|x86.ActiveCfg = Release|Any CPU
		{EB5B2BB2-7743-43E9-BD6B-90984C71A9AF}.Release|x86.Build.0 = Release|Any CPU
		{AA6DA27B-8FE6-4509-BBF4-F1B4ABFD807D}.Debug|Any CPU.ActiveCfg = Debug|Any CPU
		{AA6DA27B-8FE6-4509-BBF4-F1B4ABFD807D}.Debug|Any CPU.Build.0 = Debug|Any CPU
		{AA6DA27B-8FE6-4509-BBF4-F1B4ABFD807D}.Debug|x64.ActiveCfg = Debug|Any CPU
		{AA6DA27B-8FE6-4509-BBF4-F1B4ABFD807D}.Debug|x64.Build.0 = Debug|Any CPU
		{AA6DA27B-8FE6-4509-BBF4-F1B4ABFD807D}.Debug|x86.ActiveCfg = Debug|Any CPU
		{AA6DA27B-8FE6-4509-BBF4-F1B4ABFD807D}.Debug|x86.Build.0 = Debug|Any CPU
		{AA6DA27B-8FE6-4509-BBF4-F1B4ABFD807D}.Release|Any CPU.ActiveCfg = Release|Any CPU
		{AA6DA27B-8FE6-4509-BBF4-F1B4ABFD807D}.Release|Any CPU.Build.0 = Release|Any CPU
		{AA6DA27B-8FE6-4509-BBF4-F1B4ABFD807D}.Release|x64.ActiveCfg = Release|Any CPU
		{AA6DA27B-8FE6-4509-BBF4-F1B4ABFD807D}.Release|x64.Build.0 = Release|Any CPU
		{AA6DA27B-8FE6-4509-BBF4-F1B4ABFD807D}.Release|x86.ActiveCfg = Release|Any CPU
		{AA6DA27B-8FE6-4509-BBF4-F1B4ABFD807D}.Release|x86.Build.0 = Release|Any CPU
	EndGlobalSection
	GlobalSection(SolutionProperties) = preSolution
		HideSolutionNode = FALSE
	EndGlobalSection
	GlobalSection(NestedProjects) = preSolution
		{772DB981-5CC8-4F6A-A6F0-0FF18DB4342B} = {4A5C4BFB-956D-42F7-9928-9905A7CC1DF1}
		{638ADA3F-E292-44EB-A399-6803AC823E47} = {4A5C4BFB-956D-42F7-9928-9905A7CC1DF1}
		{2D0B94BF-2B72-43BB-9415-C327139654E0} = {0B78A366-4BB7-43C7-B533-42733A7D7C8A}
		{5730E9F1-B11B-4ECE-B612-446E9F46E382} = {0B78A366-4BB7-43C7-B533-42733A7D7C8A}
		{7265648B-1962-4DF2-B649-019007CE58AB} = {0B78A366-4BB7-43C7-B533-42733A7D7C8A}
		{C7A4A790-1BB3-4D8D-8158-FB1CC5E9E679} = {4F41A298-2EE4-4197-918E-2F52EE1F28CF}
		{CFEF6261-A7F9-4287-89DA-25CE0B8EA745} = {27272495-5D56-4A67-BEF7-F9031479A280}
		{573A6D90-743B-494E-A20F-044D9C65FA07} = {C7A4A790-1BB3-4D8D-8158-FB1CC5E9E679}
		{1E51CA72-B9FF-4A41-A0C4-B53B59B26E2A} = {638ADA3F-E292-44EB-A399-6803AC823E47}
		{BCA07563-2CFF-48AD-A475-4AA48F38E27A} = {772DB981-5CC8-4F6A-A6F0-0FF18DB4342B}
		{D75AF2E0-3AFA-419D-9529-DA45407C4DF9} = {CFEF6261-A7F9-4287-89DA-25CE0B8EA745}
		{5CB34AC9-019D-496C-9F15-0F87EC0558ED} = {27272495-5D56-4A67-BEF7-F9031479A280}
		{C2F2CA59-8DF2-4ECF-8122-7B3B271B4CB3} = {5CB34AC9-019D-496C-9F15-0F87EC0558ED}
		{31AF3633-934A-4BDE-A135-0E1A39BCB3AB} = {77078836-4A90-46CA-B4D2-7B5431331F13}
		{824482D3-A80C-472A-B7F1-3D0C485A00A9} = {D6DC5680-46F9-42E8-899F-E25FBABC5635}
		{8B85CF89-712C-47A0-9171-39EE4C09A132} = {824482D3-A80C-472A-B7F1-3D0C485A00A9}
		{77078836-4A90-46CA-B4D2-7B5431331F13} = {DB2C43B8-1582-4D91-A84E-66F88E22DB85}
		{EB5B2BB2-7743-43E9-BD6B-90984C71A9AF} = {BA98C56B-5515-4DF6-8EF2-40F499438554}
		{AA6DA27B-8FE6-4509-BBF4-F1B4ABFD807D} = {BA98C56B-5515-4DF6-8EF2-40F499438554}
		{BA98C56B-5515-4DF6-8EF2-40F499438554} = {CA63CCF4-FD3A-408E-AD6C-EC9FBF0EEAB3}
		{0B78A366-4BB7-43C7-B533-42733A7D7C8A} = {CA63CCF4-FD3A-408E-AD6C-EC9FBF0EEAB3}
	EndGlobalSection
	GlobalSection(ExtensibilityGlobals) = postSolution
		SolutionGuid = {0FF80B1D-26A6-46E6-86EA-BBD7D8826E1C}
	EndGlobalSection
EndGlobal
